schema: '2.0'
stages:
  data_collection:
    cmd: python src/data/data_collection.py
    deps:
    - path: src/data/data_collection.py
      hash: md5
      md5: 78175572ee3397484351770a5caa03bf
      size: 2071
    params:
      params.yaml:
        data_collection.test_size: 0.3
    outs:
    - path: data/raw
      hash: md5
      md5: 97825bb768b4b66d70c59daed663063a.dir
      size: 522262
      nfiles: 2
  pre-processing:
    cmd: python src/data/data_preparation.py
    deps:
    - path: src/data/data_preparation.py
      hash: md5
      md5: fecd9a65956713c5fdb19b44ea473713
      size: 1973
    outs:
    - path: data/processed
      hash: md5
      md5: a92b8581128eb8dd5d16a84af7ae83c1.dir
      size: 546215
      nfiles: 2
  model_building:
    cmd: python src/model/model_building.py
    deps:
    - path: data/processed
      hash: md5
      md5: a92b8581128eb8dd5d16a84af7ae83c1.dir
      size: 546215
      nfiles: 2
    - path: src/model/model_building.py
      hash: md5
      md5: 2a300e78af122918056bc6aca0bebffe
      size: 2569
    params:
      params.yaml:
        model_building.n_estimators: 1000
    outs:
    - path: models/model.pkl
      hash: md5
      md5: 7f7770c84b5af46bad9b52611bedaf8c
      size: 64986568
  model_evaluation:
    cmd: python src/model/model_evaluation.py
    deps:
    - path: models/model.pkl
      hash: md5
      md5: 7f7770c84b5af46bad9b52611bedaf8c
      size: 64986568
    - path: src/model/model_evaluation.py
      hash: md5
      md5: 69d2417a724f061684448fb4afc81843
      size: 2620
    outs:
    - path: reports/metrics.json
      hash: md5
      md5: 3ff0b4abfa01ee3ef9563df8d8ee1152
      size: 151
